{
  "name": "file-en_decrypt-prototype",
  "version": "1.0.0",
  "lockfileVersion": 3,
  "requires": true,
  "packages": {
    "": {
      "name": "file-en_decrypt-prototype",
      "version": "1.0.0",
      "license": "ISC",
      "dependencies": {
        "crpyto": "^0.0.1-security",
        "dotenv": "^16.4.5"
      }
    },
    "node_modules/crpyto": {
      "version": "0.0.1-security",
      "resolved": "https://registry.npmjs.org/crpyto/-/crpyto-0.0.1-security.tgz",
      "integrity": "sha512-zWk4mo/jJt3EVmso7CM065G6A3ejQF4xRWUsaUSXLfvhOEr4SnHYEDVpeHIG5yA6TP028mFgXTvOJFYW00tSJQ=="
    },
    "node_modules/dotenv": {
      "version": "16.4.5",
      "resolved": "https://registry.npmjs.org/dotenv/-/dotenv-16.4.5.tgz",
      "integrity": "sha512-ZmdL2rui+eB2YwhsWzjInR8LldtZHGDoQ1ugH85ppHKwpUHL7j7rN0Ti9NCnGiQbhaZ11FpR+7ao1dNsmduNUg==",
      "license": "BSD-2-Clause",
      "engines": {
        "node": ">=12"
      },
      "funding": {
        "url": "https://dotenvx.com"
      }
    }
  }
}
